
Microsoft Visual Studio Solution File, Format Version 12.00
# Visual Studio 15
VisualStudioVersion = 15.0.26730.12
MinimumVisualStudioVersion = 10.0.40219.1
Project("{9A19103F-16F7-4668-BE54-9A1E7A4F7556}") = "GlobalQueryFilters", "GlobalQueryFilters\GlobalQueryFilters.csproj", "{D42C954C-0A3E-420B-8CD2-E7C6E33C6F7F}"
EndProject
Project("{9A19103F-16F7-4668-BE54-9A1E7A4F7556}") = "FieldMapping", "FieldMapping\FieldMapping.csproj", "{30E21862-BB97-41DF-9AF3-B0653144F4E3}"
EndProject
Project("{9A19103F-16F7-4668-BE54-9A1E7A4F7556}") = "EfFunctions.Tests", "EfFunctions.Tests\EfFunctions.Tests.csproj", "{B92D23E8-51F9-46E5-88D1-BED09845ED08}"
EndProject
Project("{9A19103F-16F7-4668-BE54-9A1E7A4F7556}") = "EfFunctions", "EfFunctions\EfFunctions.csproj", "{BD6391DD-6636-436B-A76F-1301306B8FF5}"
EndProject
Project("{2150E333-8FDC-42A3-9474-1A3956D46DE8}") = "Part 1", "Part 1", "{F5B95624-9A6C-4649-95D4-68EEA1186392}"
EndProject
Project("{2150E333-8FDC-42A3-9474-1A3956D46DE8}") = "Part 2", "Part 2", "{A8A603C8-5E4F-4034-9C51-991970288DC6}"
EndProject
Project("{2150E333-8FDC-42A3-9474-1A3956D46DE8}") = "Part 3", "Part 3", "{8A5A330D-D427-439A-97D9-8458F5E23D3F}"
EndProject
Project("{2150E333-8FDC-42A3-9474-1A3956D46DE8}") = "Part 4", "Part 4", "{2A4C3868-266C-430D-8AAE-0E9382B0C900}"
EndProject
Project("{9A19103F-16F7-4668-BE54-9A1E7A4F7556}") = "OwnedTypes", "OwnedTypes\OwnedTypes.csproj", "{A9F5919C-C9B0-43A3-BC8D-A97E1F1FB061}"
EndProject
Project("{2150E333-8FDC-42A3-9474-1A3956D46DE8}") = "Part 5", "Part 5", "{9592EDEB-CB28-4482-8B71-092EE3863D2D}"
EndProject
Project("{9A19103F-16F7-4668-BE54-9A1E7A4F7556}") = "FromSql", "FromSql\FromSql.csproj", "{02E274CB-D239-4D62-B83C-992F05884FD4}"
EndProject
Project("{2150E333-8FDC-42A3-9474-1A3956D46DE8}") = "Part 6", "Part 6", "{1A2B6259-20B7-4427-9E9A-19510F8F0B04}"
EndProject
Project("{9A19103F-16F7-4668-BE54-9A1E7A4F7556}") = "DbScalarFunctions", "DbScalarFunctions\DbScalarFunctions.csproj", "{CAEA50CC-6957-4B2A-A7A4-517CC210A435}"
EndProject
Global
	GlobalSection(SolutionConfigurationPlatforms) = preSolution
		Debug|Any CPU = Debug|Any CPU
		Release|Any CPU = Release|Any CPU
	EndGlobalSection
	GlobalSection(ProjectConfigurationPlatforms) = postSolution
		{D42C954C-0A3E-420B-8CD2-E7C6E33C6F7F}.Debug|Any CPU.ActiveCfg = Debug|Any CPU
		{D42C954C-0A3E-420B-8CD2-E7C6E33C6F7F}.Debug|Any CPU.Build.0 = Debug|Any CPU
		{D42C954C-0A3E-420B-8CD2-E7C6E33C6F7F}.Release|Any CPU.ActiveCfg = Release|Any CPU
		{D42C954C-0A3E-420B-8CD2-E7C6E33C6F7F}.Release|Any CPU.Build.0 = Release|Any CPU
		{30E21862-BB97-41DF-9AF3-B0653144F4E3}.Debug|Any CPU.ActiveCfg = Debug|Any CPU
		{30E21862-BB97-41DF-9AF3-B0653144F4E3}.Debug|Any CPU.Build.0 = Debug|Any CPU
		{30E21862-BB97-41DF-9AF3-B0653144F4E3}.Release|Any CPU.ActiveCfg = Release|Any CPU
		{30E21862-BB97-41DF-9AF3-B0653144F4E3}.Release|Any CPU.Build.0 = Release|Any CPU
		{B92D23E8-51F9-46E5-88D1-BED09845ED08}.Debug|Any CPU.ActiveCfg = Debug|Any CPU
		{B92D23E8-51F9-46E5-88D1-BED09845ED08}.Debug|Any CPU.Build.0 = Debug|Any CPU
		{B92D23E8-51F9-46E5-88D1-BED09845ED08}.Release|Any CPU.ActiveCfg = Release|Any CPU
		{B92D23E8-51F9-46E5-88D1-BED09845ED08}.Release|Any CPU.Build.0 = Release|Any CPU
		{BD6391DD-6636-436B-A76F-1301306B8FF5}.Debug|Any CPU.ActiveCfg = Debug|Any CPU
		{BD6391DD-6636-436B-A76F-1301306B8FF5}.Debug|Any CPU.Build.0 = Debug|Any CPU
		{BD6391DD-6636-436B-A76F-1301306B8FF5}.Release|Any CPU.ActiveCfg = Release|Any CPU
		{BD6391DD-6636-436B-A76F-1301306B8FF5}.Release|Any CPU.Build.0 = Release|Any CPU
		{A9F5919C-C9B0-43A3-BC8D-A97E1F1FB061}.Debug|Any CPU.ActiveCfg = Debug|Any CPU
		{A9F5919C-C9B0-43A3-BC8D-A97E1F1FB061}.Debug|Any CPU.Build.0 = Debug|Any CPU
		{A9F5919C-C9B0-43A3-BC8D-A97E1F1FB061}.Release|Any CPU.ActiveCfg = Release|Any CPU
		{A9F5919C-C9B0-43A3-BC8D-A97E1F1FB061}.Release|Any CPU.Build.0 = Release|Any CPU
		{02E274CB-D239-4D62-B83C-992F05884FD4}.Debug|Any CPU.ActiveCfg = Debug|Any CPU
		{02E274CB-D239-4D62-B83C-992F05884FD4}.Debug|Any CPU.Build.0 = Debug|Any CPU
		{02E274CB-D239-4D62-B83C-992F05884FD4}.Release|Any CPU.ActiveCfg = Release|Any CPU
		{02E274CB-D239-4D62-B83C-992F05884FD4}.Release|Any CPU.Build.0 = Release|Any CPU
		{CAEA50CC-6957-4B2A-A7A4-517CC210A435}.Debug|Any CPU.ActiveCfg = Debug|Any CPU
		{CAEA50CC-6957-4B2A-A7A4-517CC210A435}.Debug|Any CPU.Build.0 = Debug|Any CPU
		{CAEA50CC-6957-4B2A-A7A4-517CC210A435}.Release|Any CPU.ActiveCfg = Release|Any CPU
		{CAEA50CC-6957-4B2A-A7A4-517CC210A435}.Release|Any CPU.Build.0 = Release|Any CPU
	EndGlobalSection
	GlobalSection(SolutionProperties) = preSolution
		HideSolutionNode = FALSE
	EndGlobalSection
	GlobalSection(NestedProjects) = preSolution
		{D42C954C-0A3E-420B-8CD2-E7C6E33C6F7F} = {F5B95624-9A6C-4649-95D4-68EEA1186392}
		{30E21862-BB97-41DF-9AF3-B0653144F4E3} = {A8A603C8-5E4F-4034-9C51-991970288DC6}
		{B92D23E8-51F9-46E5-88D1-BED09845ED08} = {8A5A330D-D427-439A-97D9-8458F5E23D3F}
		{BD6391DD-6636-436B-A76F-1301306B8FF5} = {8A5A330D-D427-439A-97D9-8458F5E23D3F}
		{A9F5919C-C9B0-43A3-BC8D-A97E1F1FB061} = {1A2B6259-20B7-4427-9E9A-19510F8F0B04}
		{02E274CB-D239-4D62-B83C-992F05884FD4} = {2A4C3868-266C-430D-8AAE-0E9382B0C900}
		{CAEA50CC-6957-4B2A-A7A4-517CC210A435} = {9592EDEB-CB28-4482-8B71-092EE3863D2D}
	EndGlobalSection
	GlobalSection(ExtensibilityGlobals) = postSolution
		SolutionGuid = {0834403E-526A-47E4-B658-71CC99023F79}
	EndGlobalSection
EndGlobal
